
Microsoft Visual Studio Solution File, Format Version 12.00
# Visual Studio Version 17
VisualStudioVersion = 17.14.36414.22 d17.14
MinimumVisualStudioVersion = 10.0.40219.1
Project("{FAE04EC0-301F-11D3-BF4B-00C04F79EFBC}") = "ProyectoInventario", "ProyectoInventario\ProyectoInventario.csproj", "{E75D2F5E-BACF-4D58-ABBD-F9301E71103B}"
EndProject
Project("{FAE04EC0-301F-11D3-BF4B-00C04F79EFBC}") = "ProyectoInventarioBLL", "ProyectoInventarioBLL\ProyectoInventarioBLL.csproj", "{8B07FA43-C804-44B3-9770-FC3619273879}"
EndProject
Project("{FAE04EC0-301F-11D3-BF4B-00C04F79EFBC}") = "ProyectoInventarioDAL", "ProyectoInventarioDAL\ProyectoInventarioDAL.csproj", "{259806B7-5117-4E69-9FDE-DF9DF1224903}"
EndProject
Global
	GlobalSection(SolutionConfigurationPlatforms) = preSolution
		Debug|Any CPU = Debug|Any CPU
		Release|Any CPU = Release|Any CPU
	EndGlobalSection
	GlobalSection(ProjectConfigurationPlatforms) = postSolution
		{E75D2F5E-BACF-4D58-ABBD-F9301E71103B}.Debug|Any CPU.ActiveCfg = Debug|Any CPU
		{E75D2F5E-BACF-4D58-ABBD-F9301E71103B}.Debug|Any CPU.Build.0 = Debug|Any CPU
		{E75D2F5E-BACF-4D58-ABBD-F9301E71103B}.Release|Any CPU.ActiveCfg = Release|Any CPU
		{E75D2F5E-BACF-4D58-ABBD-F9301E71103B}.Release|Any CPU.Build.0 = Release|Any CPU
		{8B07FA43-C804-44B3-9770-FC3619273879}.Debug|Any CPU.ActiveCfg = Debug|Any CPU
		{8B07FA43-C804-44B3-9770-FC3619273879}.Debug|Any CPU.Build.0 = Debug|Any CPU
		{8B07FA43-C804-44B3-9770-FC3619273879}.Release|Any CPU.ActiveCfg = Release|Any CPU
		{8B07FA43-C804-44B3-9770-FC3619273879}.Release|Any CPU.Build.0 = Release|Any CPU
		{259806B7-5117-4E69-9FDE-DF9DF1224903}.Debug|Any CPU.ActiveCfg = Debug|Any CPU
		{259806B7-5117-4E69-9FDE-DF9DF1224903}.Debug|Any CPU.Build.0 = Debug|Any CPU
		{259806B7-5117-4E69-9FDE-DF9DF1224903}.Release|Any CPU.ActiveCfg = Release|Any CPU
		{259806B7-5117-4E69-9FDE-DF9DF1224903}.Release|Any CPU.Build.0 = Release|Any CPU
	EndGlobalSection
	GlobalSection(SolutionProperties) = preSolution
		HideSolutionNode = FALSE
	EndGlobalSection
	GlobalSection(ExtensibilityGlobals) = postSolution
		SolutionGuid = {0E54B5C2-64F1-4EF2-90BF-C6E70708395F}
	EndGlobalSection
EndGlobal
