
Microsoft Visual Studio Solution File, Format Version 12.00
# Visual Studio Version 17
VisualStudioVersion = 17.14.36414.22 d17.14
MinimumVisualStudioVersion = 10.0.40219.1
Project("{FAE04EC0-301F-11D3-BF4B-00C04F79EFBC}") = "ApiInventario", "ApiInventario\ApiInventario.csproj", "{F08E6211-3DB4-4C10-AFA5-FEB1DEBC9884}"
EndProject
Project("{FAE04EC0-301F-11D3-BF4B-00C04F79EFBC}") = "ApiInventario.BLL", "ApiInventario.BLL\ApiInventario.BLL.csproj", "{12996930-ACBE-4C28-9F79-A55C1B403E80}"
EndProject
Project("{FAE04EC0-301F-11D3-BF4B-00C04F79EFBC}") = "ApiInventario.DLL", "ApiInventario.DLL\ApiInventario.DLL.csproj", "{B5934000-7582-4AEF-92C9-F7F4835DAE38}"
EndProject
Global
	GlobalSection(SolutionConfigurationPlatforms) = preSolution
		Debug|Any CPU = Debug|Any CPU
		Release|Any CPU = Release|Any CPU
	EndGlobalSection
	GlobalSection(ProjectConfigurationPlatforms) = postSolution
		{F08E6211-3DB4-4C10-AFA5-FEB1DEBC9884}.Debug|Any CPU.ActiveCfg = Debug|Any CPU
		{F08E6211-3DB4-4C10-AFA5-FEB1DEBC9884}.Debug|Any CPU.Build.0 = Debug|Any CPU
		{F08E6211-3DB4-4C10-AFA5-FEB1DEBC9884}.Release|Any CPU.ActiveCfg = Release|Any CPU
		{F08E6211-3DB4-4C10-AFA5-FEB1DEBC9884}.Release|Any CPU.Build.0 = Release|Any CPU
		{12996930-ACBE-4C28-9F79-A55C1B403E80}.Debug|Any CPU.ActiveCfg = Debug|Any CPU
		{12996930-ACBE-4C28-9F79-A55C1B403E80}.Debug|Any CPU.Build.0 = Debug|Any CPU
		{12996930-ACBE-4C28-9F79-A55C1B403E80}.Release|Any CPU.ActiveCfg = Release|Any CPU
		{12996930-ACBE-4C28-9F79-A55C1B403E80}.Release|Any CPU.Build.0 = Release|Any CPU
		{B5934000-7582-4AEF-92C9-F7F4835DAE38}.Debug|Any CPU.ActiveCfg = Debug|Any CPU
		{B5934000-7582-4AEF-92C9-F7F4835DAE38}.Debug|Any CPU.Build.0 = Debug|Any CPU
		{B5934000-7582-4AEF-92C9-F7F4835DAE38}.Release|Any CPU.ActiveCfg = Release|Any CPU
		{B5934000-7582-4AEF-92C9-F7F4835DAE38}.Release|Any CPU.Build.0 = Release|Any CPU
	EndGlobalSection
	GlobalSection(SolutionProperties) = preSolution
		HideSolutionNode = FALSE
	EndGlobalSection
	GlobalSection(ExtensibilityGlobals) = postSolution
		SolutionGuid = {14245394-9CEE-47DB-A663-674FD83C1C66}
	EndGlobalSection
EndGlobal
